// !$*UTF8*$!
{
	archiveVersion = 1;
	classes = {
	};
	objectVersion = 55;
	objects = {

/* Begin PBXBuildFile section */
		ED0854322831E86D007A6A8C /* TeamTableViewCell.swift in Sources */ = {isa = PBXBuildFile; fileRef = ED0854312831E86D007A6A8C /* TeamTableViewCell.swift */; };
		ED94841D283054ED0026E204 /* AppDelegate.swift in Sources */ = {isa = PBXBuildFile; fileRef = ED94841C283054ED0026E204 /* AppDelegate.swift */; };
		ED94841F283054ED0026E204 /* SceneDelegate.swift in Sources */ = {isa = PBXBuildFile; fileRef = ED94841E283054ED0026E204 /* SceneDelegate.swift */; };
		ED948424283054ED0026E204 /* Main.storyboard in Resources */ = {isa = PBXBuildFile; fileRef = ED948422283054ED0026E204 /* Main.storyboard */; };
		ED948426283054EF0026E204 /* Assets.xcassets in Resources */ = {isa = PBXBuildFile; fileRef = ED948425283054EF0026E204 /* Assets.xcassets */; };
		ED948429283054EF0026E204 /* LaunchScreen.storyboard in Resources */ = {isa = PBXBuildFile; fileRef = ED948427283054EF0026E204 /* LaunchScreen.storyboard */; };
		ED9484382830586C0026E204 /* SportListTableViewController.swift in Sources */ = {isa = PBXBuildFile; fileRef = ED9484372830586C0026E204 /* SportListTableViewController.swift */; };
		ED94843A283058940026E204 /* SportListDetailViewController.swift in Sources */ = {isa = PBXBuildFile; fileRef = ED948439283058940026E204 /* SportListDetailViewController.swift */; };
		ED94843C2831991F0026E204 /* Team.swift in Sources */ = {isa = PBXBuildFile; fileRef = ED94843B2831991F0026E204 /* Team.swift */; };
		ED94843F28319C9F0026E204 /* TeamController.swift in Sources */ = {isa = PBXBuildFile; fileRef = ED94843E28319C9F0026E204 /* TeamController.swift */; };
/* End PBXBuildFile section */

/* Begin PBXFileReference section */
		ED0854312831E86D007A6A8C /* TeamTableViewCell.swift */ = {isa = PBXFileReference; lastKnownFileType = sourcecode.swift; path = TeamTableViewCell.swift; sourceTree = "<group>"; };
		ED948419283054ED0026E204 /* SportsTeamList.app */ = {isa = PBXFileReference; explicitFileType = wrapper.application; includeInIndex = 0; path = SportsTeamList.app; sourceTree = BUILT_PRODUCTS_DIR; };
		ED94841C283054ED0026E204 /* AppDelegate.swift */ = {isa = PBXFileReference; lastKnownFileType = sourcecode.swift; path = AppDelegate.swift; sourceTree = "<group>"; };
		ED94841E283054ED0026E204 /* SceneDelegate.swift */ = {isa = PBXFileReference; lastKnownFileType = sourcecode.swift; path = SceneDelegate.swift; sourceTree = "<group>"; };
		ED948423283054ED0026E204 /* Base */ = {isa = PBXFileReference; lastKnownFileType = file.storyboard; name = Base; path = Base.lproj/Main.storyboard; sourceTree = "<group>"; };
		ED948425283054EF0026E204 /* Assets.xcassets */ = {isa = PBXFileReference; lastKnownFileType = folder.assetcatalog; path = Assets.xcassets; sourceTree = "<group>"; };
		ED948428283054EF0026E204 /* Base */ = {isa = PBXFileReference; lastKnownFileType = file.storyboard; name = Base; path = Base.lproj/LaunchScreen.storyboard; sourceTree = "<group>"; };
		ED94842A283054EF0026E204 /* Info.plist */ = {isa = PBXFileReference; lastKnownFileType = text.plist.xml; path = Info.plist; sourceTree = "<group>"; };
		ED9484372830586C0026E204 /* SportListTableViewController.swift */ = {isa = PBXFileReference; lastKnownFileType = sourcecode.swift; path = SportListTableViewController.swift; sourceTree = "<group>"; };
		ED948439283058940026E204 /* SportListDetailViewController.swift */ = {isa = PBXFileReference; lastKnownFileType = sourcecode.swift; path = SportListDetailViewController.swift; sourceTree = "<group>"; };
		ED94843B2831991F0026E204 /* Team.swift */ = {isa = PBXFileReference; lastKnownFileType = sourcecode.swift; path = Team.swift; sourceTree = "<group>"; };
		ED94843E28319C9F0026E204 /* TeamController.swift */ = {isa = PBXFileReference; lastKnownFileType = sourcecode.swift; path = TeamController.swift; sourceTree = "<group>"; };
/* End PBXFileReference section */

/* Begin PBXFrameworksBuildPhase section */
		ED948416283054ED0026E204 /* Frameworks */ = {
			isa = PBXFrameworksBuildPhase;
			buildActionMask = 2147483647;
			files = (
			);
			runOnlyForDeploymentPostprocessing = 0;
		};
/* End PBXFrameworksBuildPhase section */

/* Begin PBXGroup section */
		ED08542E2831E7E6007A6A8C /* Subviews */ = {
			isa = PBXGroup;
			children = (
				ED0854312831E86D007A6A8C /* TeamTableViewCell.swift */,
			);
			path = Subviews;
			sourceTree = "<group>";
		};
		ED948410283054ED0026E204 = {
			isa = PBXGroup;
			children = (
				ED94841B283054ED0026E204 /* SportsTeamList */,
				ED94841A283054ED0026E204 /* Products */,
			);
			sourceTree = "<group>";
		};
		ED94841A283054ED0026E204 /* Products */ = {
			isa = PBXGroup;
			children = (
				ED948419283054ED0026E204 /* SportsTeamList.app */,
			);
			name = Products;
			sourceTree = "<group>";
		};
		ED94841B283054ED0026E204 /* SportsTeamList */ = {
			isa = PBXGroup;
			children = (
				ED9484312830558B0026E204 /* Controllers */,
				ED948434283056D10026E204 /* Model */,
				ED948435283057430026E204 /* Helper Files */,
				ED948430283055250026E204 /* Resources */,
				ED948436283057580026E204 /* Storyboards */,
			);
			path = SportsTeamList;
			sourceTree = "<group>";
		};
		ED948430283055250026E204 /* Resources */ = {
			isa = PBXGroup;
			children = (
				ED94841C283054ED0026E204 /* AppDelegate.swift */,
				ED94841E283054ED0026E204 /* SceneDelegate.swift */,
				ED948425283054EF0026E204 /* Assets.xcassets */,
				ED94842A283054EF0026E204 /* Info.plist */,
			);
			path = Resources;
			sourceTree = "<group>";
		};
		ED9484312830558B0026E204 /* Controllers */ = {
			isa = PBXGroup;
			children = (
				ED94843D28319C840026E204 /* Model Controller */,
				ED9484372830586C0026E204 /* SportListTableViewController.swift */,
				ED948439283058940026E204 /* SportListDetailViewController.swift */,
			);
			path = Controllers;
			sourceTree = "<group>";
		};
		ED948434283056D10026E204 /* Model */ = {
			isa = PBXGroup;
			children = (
				ED94843B2831991F0026E204 /* Team.swift */,
			);
			path = Model;
			sourceTree = "<group>";
		};
		ED948435283057430026E204 /* Helper Files */ = {
			isa = PBXGroup;
			children = (
			);
			path = "Helper Files";
			sourceTree = "<group>";
		};
		ED948436283057580026E204 /* Storyboards */ = {
			isa = PBXGroup;
			children = (
				ED948422283054ED0026E204 /* Main.storyboard */,
				ED948427283054EF0026E204 /* LaunchScreen.storyboard */,
			);
			path = Storyboards;
			sourceTree = "<group>";
		};
		ED94843D28319C840026E204 /* Model Controller */ = {
			isa = PBXGroup;
			children = (
				ED08542E2831E7E6007A6A8C /* Subviews */,
				ED94843E28319C9F0026E204 /* TeamController.swift */,
			);
			path = "Model Controller";
			sourceTree = "<group>";
		};
/* End PBXGroup section */

/* Begin PBXNativeTarget section */
		ED948418283054ED0026E204 /* SportsTeamList */ = {
			isa = PBXNativeTarget;
			buildConfigurationList = ED94842D283054EF0026E204 /* Build configuration list for PBXNativeTarget "SportsTeamList" */;
			buildPhases = (
				ED948415283054ED0026E204 /* Sources */,
				ED948416283054ED0026E204 /* Frameworks */,
				ED948417283054ED0026E204 /* Resources */,
			);
			buildRules = (
			);
			dependencies = (
			);
			name = SportsTeamList;
			productName = SportsTeamList;
			productReference = ED948419283054ED0026E204 /* SportsTeamList.app */;
			productType = "com.apple.product-type.application";
		};
/* End PBXNativeTarget section */

/* Begin PBXProject section */
		ED948411283054ED0026E204 /* Project object */ = {
			isa = PBXProject;
			attributes = {
				BuildIndependentTargetsInParallel = 1;
				LastSwiftUpdateCheck = 1330;
				LastUpgradeCheck = 1330;
				TargetAttributes = {
					ED948418283054ED0026E204 = {
						CreatedOnToolsVersion = 13.3.1;
					};
				};
			};
			buildConfigurationList = ED948414283054ED0026E204 /* Build configuration list for PBXProject "SportsTeamList" */;
			compatibilityVersion = "Xcode 13.0";
			developmentRegion = en;
			hasScannedForEncodings = 0;
			knownRegions = (
				en,
				Base,
			);
			mainGroup = ED948410283054ED0026E204;
			productRefGroup = ED94841A283054ED0026E204 /* Products */;
			projectDirPath = "";
			projectRoot = "";
			targets = (
				ED948418283054ED0026E204 /* SportsTeamList */,
			);
		};
/* End PBXProject section */

/* Begin PBXResourcesBuildPhase section */
		ED948417283054ED0026E204 /* Resources */ = {
			isa = PBXResourcesBuildPhase;
			buildActionMask = 2147483647;
			files = (
				ED948429283054EF0026E204 /* LaunchScreen.storyboard in Resources */,
				ED948426283054EF0026E204 /* Assets.xcassets in Resources */,
				ED948424283054ED0026E204 /* Main.storyboard in Resources */,
			);
			runOnlyForDeploymentPostprocessing = 0;
		};
/* End PBXResourcesBuildPhase section */

/* Begin PBXSourcesBuildPhase section */
		ED948415283054ED0026E204 /* Sources */ = {
			isa = PBXSourcesBuildPhase;
			buildActionMask = 2147483647;
			files = (
				ED94843A283058940026E204 /* SportListDetailViewController.swift in Sources */,
				ED94841D283054ED0026E204 /* AppDelegate.swift in Sources */,
				ED94841F283054ED0026E204 /* SceneDelegate.swift in Sources */,
				ED94843C2831991F0026E204 /* Team.swift in Sources */,
				ED0854322831E86D007A6A8C /* TeamTableViewCell.swift in Sources */,
				ED94843F28319C9F0026E204 /* TeamController.swift in Sources */,
				ED9484382830586C0026E204 /* SportListTableViewController.swift in Sources */,
			);
			runOnlyForDeploymentPostprocessing = 0;
		};
/* End PBXSourcesBuildPhase section */

/* Begin PBXVariantGroup section */
		ED948422283054ED0026E204 /* Main.storyboard */ = {
			isa = PBXVariantGroup;
			children = (
				ED948423283054ED0026E204 /* Base */,
			);
			name = Main.storyboard;
			sourceTree = "<group>";
		};
		ED948427283054EF0026E204 /* LaunchScreen.storyboard */ = {
			isa = PBXVariantGroup;
			children = (
				ED948428283054EF0026E204 /* Base */,
			);
			name = LaunchScreen.storyboard;
			sourceTree = "<group>";
		};
/* End PBXVariantGroup section */

/* Begin XCBuildConfiguration section */
		ED94842B283054EF0026E204 /* Debug */ = {
			isa = XCBuildConfiguration;
			buildSettings = {
				ALWAYS_SEARCH_USER_PATHS = NO;
				CLANG_ANALYZER_NONNULL = YES;
				CLANG_ANALYZER_NUMBER_OBJECT_CONVERSION = YES_AGGRESSIVE;
				CLANG_CXX_LANGUAGE_STANDARD = "gnu++17";
				CLANG_ENABLE_MODULES = YES;
				CLANG_ENABLE_OBJC_ARC = YES;
				CLANG_ENABLE_OBJC_WEAK = YES;
				CLANG_WARN_BLOCK_CAPTURE_AUTORELEASING = YES;
				CLANG_WARN_BOOL_CONVERSION = YES;
				CLANG_WARN_COMMA = YES;
				CLANG_WARN_CONSTANT_CONVERSION = YES;
				CLANG_WARN_DEPRECATED_OBJC_IMPLEMENTATIONS = YES;
				CLANG_WARN_DIRECT_OBJC_ISA_USAGE = YES_ERROR;
				CLANG_WARN_DOCUMENTATION_COMMENTS = YES;
				CLANG_WARN_EMPTY_BODY = YES;
				CLANG_WARN_ENUM_CONVERSION = YES;
				CLANG_WARN_INFINITE_RECURSION = YES;
				CLANG_WARN_INT_CONVERSION = YES;
				CLANG_WARN_NON_LITERAL_NULL_CONVERSION = YES;
				CLANG_WARN_OBJC_IMPLICIT_RETAIN_SELF = YES;
				CLANG_WARN_OBJC_LITERAL_CONVERSION = YES;
				CLANG_WARN_OBJC_ROOT_CLASS = YES_ERROR;
				CLANG_WARN_QUOTED_INCLUDE_IN_FRAMEWORK_HEADER = YES;
				CLANG_WARN_RANGE_LOOP_ANALYSIS = YES;
				CLANG_WARN_STRICT_PROTOTYPES = YES;
				CLANG_WARN_SUSPICIOUS_MOVE = YES;
				CLANG_WARN_UNGUARDED_AVAILABILITY = YES_AGGRESSIVE;
				CLANG_WARN_UNREACHABLE_CODE = YES;
				CLANG_WARN__DUPLICATE_METHOD_MATCH = YES;
				COPY_PHASE_STRIP = NO;
				DEBUG_INFORMATION_FORMAT = dwarf;
				ENABLE_STRICT_OBJC_MSGSEND = YES;
				ENABLE_TESTABILITY = YES;
				GCC_C_LANGUAGE_STANDARD = gnu11;
				GCC_DYNAMIC_NO_PIC = NO;
				GCC_NO_COMMON_BLOCKS = YES;
				GCC_OPTIMIZATION_LEVEL = 0;
				GCC_PREPROCESSOR_DEFINITIONS = (
					"DEBUG=1",
					"$(inherited)",
				);
				GCC_WARN_64_TO_32_BIT_CONVERSION = YES;
				GCC_WARN_ABOUT_RETURN_TYPE = YES_ERROR;
				GCC_WARN_UNDECLARED_SELECTOR = YES;
				GCC_WARN_UNINITIALIZED_AUTOS = YES_AGGRESSIVE;
				GCC_WARN_UNUSED_FUNCTION = YES;
				GCC_WARN_UNUSED_VARIABLE = YES;
				IPHONEOS_DEPLOYMENT_TARGET = 15.4;
				MTL_ENABLE_DEBUG_INFO = INCLUDE_SOURCE;
				MTL_FAST_MATH = YES;
				ONLY_ACTIVE_ARCH = YES;
				SDKROOT = iphoneos;
				SWIFT_ACTIVE_COMPILATION_CONDITIONS = DEBUG;
				SWIFT_OPTIMIZATION_LEVEL = "-Onone";
			};
			name = Debug;
		};
		ED94842C283054EF0026E204 /* Release */ = {
			isa = XCBuildConfiguration;
			buildSettings = {
				ALWAYS_SEARCH_USER_PATHS = NO;
				CLANG_ANALYZER_NONNULL = YES;
				CLANG_ANALYZER_NUMBER_OBJECT_CONVERSION = YES_AGGRESSIVE;
				CLANG_CXX_LANGUAGE_STANDARD = "gnu++17";
				CLANG_ENABLE_MODULES = YES;
				CLANG_ENABLE_OBJC_ARC = YES;
				CLANG_ENABLE_OBJC_WEAK = YES;
				CLANG_WARN_BLOCK_CAPTURE_AUTORELEASING = YES;
				CLANG_WARN_BOOL_CONVERSION = YES;
				CLANG_WARN_COMMA = YES;
				CLANG_WARN_CONSTANT_CONVERSION = YES;
				CLANG_WARN_DEPRECATED_OBJC_IMPLEMENTATIONS = YES;
				CLANG_WARN_DIRECT_OBJC_ISA_USAGE = YES_ERROR;
				CLANG_WARN_DOCUMENTATION_COMMENTS = YES;
				CLANG_WARN_EMPTY_BODY = YES;
				CLANG_WARN_ENUM_CONVERSION = YES;
				CLANG_WARN_INFINITE_RECURSION = YES;
				CLANG_WARN_INT_CONVERSION = YES;
				CLANG_WARN_NON_LITERAL_NULL_CONVERSION = YES;
				CLANG_WARN_OBJC_IMPLICIT_RETAIN_SELF = YES;
				CLANG_WARN_OBJC_LITERAL_CONVERSION = YES;
				CLANG_WARN_OBJC_ROOT_CLASS = YES_ERROR;
				CLANG_WARN_QUOTED_INCLUDE_IN_FRAMEWORK_HEADER = YES;
				CLANG_WARN_RANGE_LOOP_ANALYSIS = YES;
				CLANG_WARN_STRICT_PROTOTYPES = YES;
				CLANG_WARN_SUSPICIOUS_MOVE = YES;
				CLANG_WARN_UNGUARDED_AVAILABILITY = YES_AGGRESSIVE;
				CLANG_WARN_UNREACHABLE_CODE = YES;
				CLANG_WARN__DUPLICATE_METHOD_MATCH = YES;
				COPY_PHASE_STRIP = NO;
				DEBUG_INFORMATION_FORMAT = "dwarf-with-dsym";
				ENABLE_NS_ASSERTIONS = NO;
				ENABLE_STRICT_OBJC_MSGSEND = YES;
				GCC_C_LANGUAGE_STANDARD = gnu11;
				GCC_NO_COMMON_BLOCKS = YES;
				GCC_WARN_64_TO_32_BIT_CONVERSION = YES;
				GCC_WARN_ABOUT_RETURN_TYPE = YES_ERROR;
				GCC_WARN_UNDECLARED_SELECTOR = YES;
				GCC_WARN_UNINITIALIZED_AUTOS = YES_AGGRESSIVE;
				GCC_WARN_UNUSED_FUNCTION = YES;
				GCC_WARN_UNUSED_VARIABLE = YES;
				IPHONEOS_DEPLOYMENT_TARGET = 15.4;
				MTL_ENABLE_DEBUG_INFO = NO;
				MTL_FAST_MATH = YES;
				SDKROOT = iphoneos;
				SWIFT_COMPILATION_MODE = wholemodule;
				SWIFT_OPTIMIZATION_LEVEL = "-O";
				VALIDATE_PRODUCT = YES;
			};
			name = Release;
		};
		ED94842E283054EF0026E204 /* Debug */ = {
			isa = XCBuildConfiguration;
			buildSettings = {
				ASSETCATALOG_COMPILER_APPICON_NAME = AppIcon;
				ASSETCATALOG_COMPILER_GLOBAL_ACCENT_COLOR_NAME = AccentColor;
				CODE_SIGN_STYLE = Automatic;
				CURRENT_PROJECT_VERSION = 1;
				GENERATE_INFOPLIST_FILE = YES;
				INFOPLIST_FILE = SportsTeamList/Resources/Info.plist;
				INFOPLIST_KEY_UIApplicationSupportsIndirectInputEvents = YES;
				INFOPLIST_KEY_UILaunchStoryboardName = LaunchScreen;
				INFOPLIST_KEY_UIMainStoryboardFile = Main;
				INFOPLIST_KEY_UISupportedInterfaceOrientations_iPad = "UIInterfaceOrientationPortrait UIInterfaceOrientationPortraitUpsideDown UIInterfaceOrientationLandscapeLeft UIInterfaceOrientationLandscapeRight";
				INFOPLIST_KEY_UISupportedInterfaceOrientations_iPhone = "UIInterfaceOrientationPortrait UIInterfaceOrientationLandscapeLeft UIInterfaceOrientationLandscapeRight";
				LD_RUNPATH_SEARCH_PATHS = (
					"$(inherited)",
					"@executable_path/Frameworks",
				);
				MARKETING_VERSION = 1.0;
				PRODUCT_BUNDLE_IDENTIFIER = Tr0picalpenguin.SportsTeamList;
				PRODUCT_NAME = "$(TARGET_NAME)";
				SWIFT_EMIT_LOC_STRINGS = YES;
				SWIFT_VERSION = 5.0;
				TARGETED_DEVICE_FAMILY = "1,2";
			};
			name = Debug;
		};
		ED94842F283054EF0026E204 /* Release */ = {
			isa = XCBuildConfiguration;
			buildSettings = {
				ASSETCATALOG_COMPILER_APPICON_NAME = AppIcon;
				ASSETCATALOG_COMPILER_GLOBAL_ACCENT_COLOR_NAME = AccentColor;
				CODE_SIGN_STYLE = Automatic;
				CURRENT_PROJECT_VERSION = 1;
				GENERATE_INFOPLIST_FILE = YES;
				INFOPLIST_FILE = SportsTeamList/Resources/Info.plist;
				INFOPLIST_KEY_UIApplicationSupportsIndirectInputEvents = YES;
				INFOPLIST_KEY_UILaunchStoryboardName = LaunchScreen;
				INFOPLIST_KEY_UIMainStoryboardFile = Main;
				INFOPLIST_KEY_UISupportedInterfaceOrientations_iPad = "UIInterfaceOrientationPortrait UIInterfaceOrientationPortraitUpsideDown UIInterfaceOrientationLandscapeLeft UIInterfaceOrientationLandscapeRight";
				INFOPLIST_KEY_UISupportedInterfaceOrientations_iPhone = "UIInterfaceOrientationPortrait UIInterfaceOrientationLandscapeLeft UIInterfaceOrientationLandscapeRight";
				LD_RUNPATH_SEARCH_PATHS = (
					"$(inherited)",
					"@executable_path/Frameworks",
				);
				MARKETING_VERSION = 1.0;
				PRODUCT_BUNDLE_IDENTIFIER = Tr0picalpenguin.SportsTeamList;
				PRODUCT_NAME = "$(TARGET_NAME)";
				SWIFT_EMIT_LOC_STRINGS = YES;
				SWIFT_VERSION = 5.0;
				TARGETED_DEVICE_FAMILY = "1,2";
			};
			name = Release;
		};
/* End XCBuildConfiguration section */

/* Begin XCConfigurationList section */
		ED948414283054ED0026E204 /* Build configuration list for PBXProject "SportsTeamList" */ = {
			isa = XCConfigurationList;
			buildConfigurations = (
				ED94842B283054EF0026E204 /* Debug */,
				ED94842C283054EF0026E204 /* Release */,
			);
			defaultConfigurationIsVisible = 0;
			defaultConfigurationName = Release;
		};
		ED94842D283054EF0026E204 /* Build configuration list for PBXNativeTarget "SportsTeamList" */ = {
			isa = XCConfigurationList;
			buildConfigurations = (
				ED94842E283054EF0026E204 /* Debug */,
				ED94842F283054EF0026E204 /* Release */,
			);
			defaultConfigurationIsVisible = 0;
			defaultConfigurationName = Release;
		};
/* End XCConfigurationList section */
	};
	rootObject = ED948411283054ED0026E204 /* Project object */;
}
